{
  "nodes": {
    "nixpkgs": {
      "locked": {
        "lastModified": 1788686502,
        "narHash": "sha256-C5ETRqK0ji2SGGVpjdsAIv+Yd6m4vB6DOiGPQXP/M34=",
        "path": "/nix/store/3bzsx95bbg0kdkfdx28axgmg7nr29hwi-source",
        "rev": "94a0f8d9ca5da101ec1cddbdfecfdc1ae1766d04",
        "type": "path"
      },
      "original": {
        "id": "nixpkgs",
        "type": "indirect"
      }
    },
    "root": {
      "inputs": {
        "nixpkgs": "nixpkgs"
      }
    }
  },
  "root": "root",
  "version": 7
}
