{
  "nodes": {
    "nixpkgs": {
      "locked": {
        "lastModified": 1786593342,
        "narHash": "sha256-smTKQXMLLStzc8zJevMCckbk3My7SvbbLmPYZUJJKW4=",
        "path": "/nix/store/kf2fs0z94g2xb7byhhgnc37082qd93ws-source",
        "rev": "6b5e5b7a6631f065bf6908986990b37d845f847f",
        "type": "path"
      },
      "original": {
        "id": "nixpkgs",
        "type": "indirect"
      }
    },
    "root": {
      "inputs": {
        "nixpkgs": "nixpkgs"
      }
    }
  },
  "root": "root",
  "version": 7
}
