{
  "nodes": {
    "fenix": {
      "inputs": {
        "nixpkgs": [
          "nixpkgs"
        ],
        "rust-analyzer-src": "rust-analyzer-src"
      },
      "locked": {
        "lastModified": 1670480689,
        "narHash": "sha256-DADoR6R7DpnQaZjuUr6Z5EeNxr9ClP6u3Oqf7PpS9yA=",
        "owner": "nix-community",
        "repo": "fenix",
        "rev": "e7941faba7f6cd0a6058330ad8c40d8dc52d741c",
        "type": "github"
      },
      "original": {
        "owner": "nix-community",
        "repo": "fenix",
        "type": "github"
      }
    },
    "flake-utils": {
      "locked": {
        "lastModified": 1667395993,
        "narHash": "sha256-nuEHfE/LcWyuSWnS8t12N1wc105Qtau+/OdUAjtQ0rA=",
        "owner": "numtide",
        "repo": "flake-utils",
        "rev": "5aed5285a952e0b949eb3ba02c12fa4fcfef535f",
        "type": "github"
      },
      "original": {
        "owner": "numtide",
        "repo": "flake-utils",
        "type": "github"
      }
    },
    "nixpkgs": {
      "locked": {
        "lastModified": 1670267727,
        "narHash": "sha256-hUFAn5gjNHIBpLQT0CmqpuQjQwgWUm+D6aziGAYsDmw=",
        "owner": "NixOS",
        "repo": "nixpkgs",
        "rev": "a5f661b80e4c163510a5013b585a040a5c7ef55e",
        "type": "github"
      },
      "original": {
        "id": "nixpkgs",
        "type": "indirect"
      }
    },
    "root": {
      "inputs": {
        "fenix": "fenix",
        "flake-utils": "flake-utils",
        "nixpkgs": "nixpkgs"
      }
    },
    "rust-analyzer-src": {
      "flake": false,
      "locked": {
        "lastModified": 1670426523,
        "narHash": "sha256-Zh+pAuj4PmBmISXCz+54yVSwSXZwbn+ZELgM85xVUE0=",
        "owner": "rust-lang",
        "repo": "rust-analyzer",
        "rev": "6e8a54d0f68702cf7981c8299357838eb0f4d5b2",
        "type": "github"
      },
      "original": {
        "owner": "rust-lang",
        "ref": "nightly",
        "repo": "rust-analyzer",
        "type": "github"
      }
    }
  },
  "root": "root",
  "version": 7
}
